{
  "version": 4,
  "terraform_version": "1.15.5",
  "serial": 26,
  "lineage": "ff38810e-f5a6-368f-a7f4-5ef114011ef3",
  "outputs": {},
  "resources": [
    {
      "mode": "managed",
      "type": "local_file",
      "name": "testfile",
      "provider": "provider[\"registry.terraform.io/hashicorp/local\"]",
      "instances": [
        {
          "schema_version": 0,
          "attributes": {
            "content": "this is my second resource and correcting some details",
            "content_base64": null,
            "content_base64sha256": "jCsIr3T6fEgToC3B1zP/FbocKh4lYPflE+lI3ugbC1w=",
            "content_base64sha512": "SazKA84ZiTkEBpWzNivsHb24mQzxZTF3pyOcv1Im5aEF6UKzVC215+sLaEfDXmI2w0ogzXoyfmKqB+bufmoCrQ==",
            "content_md5": "271a828eaa19fb708c14496cec2a7293",
            "content_sha1": "a06dfd4f246893540b9055927367c812bcf540a4",
            "content_sha256": "8c2b08af74fa7c4813a02dc1d733ff15ba1c2a1e2560f7e513e948dee81b0b5c",
            "content_sha512": "49acca03ce198939040695b3362bec1dbdb8990cf1653177a7239cbf5226e5a105e942b3542db5e7eb0b6847c35e6236c34a20cd7a327e62aa07e6ee7e6a02ad",
            "directory_permission": "0777",
            "file_permission": "0777",
            "filename": "abc.txt",
            "id": "a06dfd4f246893540b9055927367c812bcf540a4",
            "sensitive_content": null,
            "source": null
          },
          "sensitive_attributes": [
            [
              {
                "type": "get_attr",
                "value": "sensitive_content"
              }
            ]
          ],
          "identity_schema_version": 0
        }
      ]
    },
    {
      "mode": "managed",
      "type": "local_file",
      "name": "testfile1",
      "provider": "provider[\"registry.terraform.io/hashicorp/local\"]",
      "instances": [
        {
          "schema_version": 0,
          "attributes": {
            "content": "this is my second resource and correcting some details",
            "content_base64": null,
            "content_base64sha256": "jCsIr3T6fEgToC3B1zP/FbocKh4lYPflE+lI3ugbC1w=",
            "content_base64sha512": "SazKA84ZiTkEBpWzNivsHb24mQzxZTF3pyOcv1Im5aEF6UKzVC215+sLaEfDXmI2w0ogzXoyfmKqB+bufmoCrQ==",
            "content_md5": "271a828eaa19fb708c14496cec2a7293",
            "content_sha1": "a06dfd4f246893540b9055927367c812bcf540a4",
            "content_sha256": "8c2b08af74fa7c4813a02dc1d733ff15ba1c2a1e2560f7e513e948dee81b0b5c",
            "content_sha512": "49acca03ce198939040695b3362bec1dbdb8990cf1653177a7239cbf5226e5a105e942b3542db5e7eb0b6847c35e6236c34a20cd7a327e62aa07e6ee7e6a02ad",
            "directory_permission": "0777",
            "file_permission": "0777",
            "filename": "abc1.txt",
            "id": "a06dfd4f246893540b9055927367c812bcf540a4",
            "sensitive_content": null,
            "source": null
          },
          "sensitive_attributes": [
            [
              {
                "type": "get_attr",
                "value": "sensitive_content"
              }
            ]
          ],
          "identity_schema_version": 0
        }
      ]
    },
    {
      "mode": "managed",
      "type": "local_file",
      "name": "testfile2",
      "provider": "provider[\"registry.terraform.io/hashicorp/local\"]",
      "instances": [
        {
          "schema_version": 0,
          "attributes": {
            "content": "this is my second resource and correcting some details",
            "content_base64": null,
            "content_base64sha256": "jCsIr3T6fEgToC3B1zP/FbocKh4lYPflE+lI3ugbC1w=",
            "content_base64sha512": "SazKA84ZiTkEBpWzNivsHb24mQzxZTF3pyOcv1Im5aEF6UKzVC215+sLaEfDXmI2w0ogzXoyfmKqB+bufmoCrQ==",
            "content_md5": "271a828eaa19fb708c14496cec2a7293",
            "content_sha1": "a06dfd4f246893540b9055927367c812bcf540a4",
            "content_sha256": "8c2b08af74fa7c4813a02dc1d733ff15ba1c2a1e2560f7e513e948dee81b0b5c",
            "content_sha512": "49acca03ce198939040695b3362bec1dbdb8990cf1653177a7239cbf5226e5a105e942b3542db5e7eb0b6847c35e6236c34a20cd7a327e62aa07e6ee7e6a02ad",
            "directory_permission": "0777",
            "file_permission": "0777",
            "filename": "abc2.txt",
            "id": "a06dfd4f246893540b9055927367c812bcf540a4",
            "sensitive_content": null,
            "source": null
          },
          "sensitive_attributes": [
            [
              {
                "type": "get_attr",
                "value": "sensitive_content"
              }
            ]
          ],
          "identity_schema_version": 0
        }
      ]
    },
    {
      "mode": "managed",
      "type": "local_file",
      "name": "testfile4",
      "provider": "provider[\"registry.terraform.io/hashicorp/local\"]",
      "instances": [
        {
          "schema_version": 0,
          "attributes": {
            "content": "correcting some details",
            "content_base64": null,
            "content_base64sha256": "TGP+APgqk6yBlKs4PyJww0Cyisb0jcyqEwhX4vsTM4U=",
            "content_base64sha512": "8vzCxeMho3KrK6ipadL/PVJtKEuXiwvIZW+Tn2rUPZZ5x0AVmCb4EocYEKDA8ie+l/I9DF7B5hKSNVZXLe1FRg==",
            "content_md5": "001029951fc05e5b2f925a48e95b4b38",
            "content_sha1": "b0af18802cd74108bdbcc52bc65d5c3a92fde645",
            "content_sha256": "4c63fe00f82a93ac8194ab383f2270c340b28ac6f48dccaa130857e2fb133385",
            "content_sha512": "f2fcc2c5e321a372ab2ba8a969d2ff3d526d284b978b0bc8656f939f6ad43d9679c740159826f812871810a0c0f227be97f23d0c5ec1e612923556572ded4546",
            "directory_permission": "0777",
            "file_permission": "0777",
            "filename": "abc4.txt",
            "id": "b0af18802cd74108bdbcc52bc65d5c3a92fde645",
            "sensitive_content": null,
            "source": null
          },
          "sensitive_attributes": [
            [
              {
                "type": "get_attr",
                "value": "sensitive_content"
              }
            ]
          ],
          "identity_schema_version": 0
        }
      ]
    },
    {
      "mode": "managed",
      "type": "local_file",
      "name": "testfile5",
      "provider": "provider[\"registry.terraform.io/hashicorp/local\"]",
      "instances": [
        {
          "schema_version": 0,
          "attributes": {
            "content": "this is second resource and correcting some details",
            "content_base64": null,
            "content_base64sha256": "laTgbkzpzAjK8dzY8g63A1+evAPaNld2L6daMdnQBWc=",
            "content_base64sha512": "inNG0XKfLeU5lJg3tOXKzEXa47kaajVSgUlVYRllq9C6NWPomDbuk+hErKdVCMllv+cwNBNg/pEnSvmAVcsZKA==",
            "content_md5": "35df2610ce660314499f37ee9a4a39e7",
            "content_sha1": "7448012c4ec2e8072fd336a8f99db7180dbc77cc",
            "content_sha256": "95a4e06e4ce9cc08caf1dcd8f20eb7035f9ebc03da3657762fa75a31d9d00567",
            "content_sha512": "8a7346d1729f2de539949837b4e5cacc45dae3b91a6a3552814955611965abd0ba3563e89836ee93e844aca75508c965bfe730341360fe91274af98055cb1928",
            "directory_permission": "0777",
            "file_permission": "0777",
            "filename": "abc5.txt",
            "id": "7448012c4ec2e8072fd336a8f99db7180dbc77cc",
            "sensitive_content": null,
            "source": null
          },
          "sensitive_attributes": [
            [
              {
                "type": "get_attr",
                "value": "sensitive_content"
              }
            ]
          ],
          "identity_schema_version": 0
        }
      ]
    },
    {
      "mode": "managed",
      "type": "local_file",
      "name": "testfile6",
      "provider": "provider[\"registry.terraform.io/hashicorp/local\"]",
      "instances": [
        {
          "schema_version": 0,
          "attributes": {
            "content": "this is my resource and correcting some details",
            "content_base64": null,
            "content_base64sha256": "M4ECUU98kqkEzKOwShvOFou93vD+K5LHaXSTm6KSrRM=",
            "content_base64sha512": "sFrGIvRLbxlXgpStB/iO3Rkzh3kkgP7dM9ru3doYscoonfohL1eUvDhPsW7FNv4X1EZH+IO+Lr60CoBnSXaFdw==",
            "content_md5": "4841867970694b7cb52e7489821b2c0b",
            "content_sha1": "7bc813e1a4cd151c6fc2e1d15358c7e2a46e2ca5",
            "content_sha256": "338102514f7c92a904cca3b04a1bce168bbddef0fe2b92c76974939ba292ad13",
            "content_sha512": "b05ac622f44b6f19578294ad07f88edd193387792480fedd33daeeddda18b1ca289dfa212f5794bc384fb16ec536fe17d44647f883be2ebeb40a806749768577",
            "directory_permission": "0777",
            "file_permission": "0777",
            "filename": "abc6.txt",
            "id": "7bc813e1a4cd151c6fc2e1d15358c7e2a46e2ca5",
            "sensitive_content": null,
            "source": null
          },
          "sensitive_attributes": [
            [
              {
                "type": "get_attr",
                "value": "sensitive_content"
              }
            ]
          ],
          "identity_schema_version": 0
        }
      ]
    },
    {
      "mode": "managed",
      "type": "local_file",
      "name": "testfile7",
      "provider": "provider[\"registry.terraform.io/hashicorp/local\"]",
      "instances": [
        {
          "schema_version": 0,
          "attributes": {
            "content": "correcting some details",
            "content_base64": null,
            "content_base64sha256": "TGP+APgqk6yBlKs4PyJww0Cyisb0jcyqEwhX4vsTM4U=",
            "content_base64sha512": "8vzCxeMho3KrK6ipadL/PVJtKEuXiwvIZW+Tn2rUPZZ5x0AVmCb4EocYEKDA8ie+l/I9DF7B5hKSNVZXLe1FRg==",
            "content_md5": "001029951fc05e5b2f925a48e95b4b38",
            "content_sha1": "b0af18802cd74108bdbcc52bc65d5c3a92fde645",
            "content_sha256": "4c63fe00f82a93ac8194ab383f2270c340b28ac6f48dccaa130857e2fb133385",
            "content_sha512": "f2fcc2c5e321a372ab2ba8a969d2ff3d526d284b978b0bc8656f939f6ad43d9679c740159826f812871810a0c0f227be97f23d0c5ec1e612923556572ded4546",
            "directory_permission": "0777",
            "file_permission": "0777",
            "filename": "abc7.txt",
            "id": "b0af18802cd74108bdbcc52bc65d5c3a92fde645",
            "sensitive_content": null,
            "source": null
          },
          "sensitive_attributes": [
            [
              {
                "type": "get_attr",
                "value": "sensitive_content"
              }
            ]
          ],
          "identity_schema_version": 0
        }
      ]
    },
    {
      "mode": "managed",
      "type": "local_file",
      "name": "testfile8",
      "provider": "provider[\"registry.terraform.io/hashicorp/local\"]",
      "instances": [
        {
          "schema_version": 0,
          "attributes": {
            "content": "this is second resource and correcting some details",
            "content_base64": null,
            "content_base64sha256": "laTgbkzpzAjK8dzY8g63A1+evAPaNld2L6daMdnQBWc=",
            "content_base64sha512": "inNG0XKfLeU5lJg3tOXKzEXa47kaajVSgUlVYRllq9C6NWPomDbuk+hErKdVCMllv+cwNBNg/pEnSvmAVcsZKA==",
            "content_md5": "35df2610ce660314499f37ee9a4a39e7",
            "content_sha1": "7448012c4ec2e8072fd336a8f99db7180dbc77cc",
            "content_sha256": "95a4e06e4ce9cc08caf1dcd8f20eb7035f9ebc03da3657762fa75a31d9d00567",
            "content_sha512": "8a7346d1729f2de539949837b4e5cacc45dae3b91a6a3552814955611965abd0ba3563e89836ee93e844aca75508c965bfe730341360fe91274af98055cb1928",
            "directory_permission": "0777",
            "file_permission": "0777",
            "filename": "abc8.txt",
            "id": "7448012c4ec2e8072fd336a8f99db7180dbc77cc",
            "sensitive_content": null,
            "source": null
          },
          "sensitive_attributes": [
            [
              {
                "type": "get_attr",
                "value": "sensitive_content"
              }
            ]
          ],
          "identity_schema_version": 0
        }
      ]
    },
    {
      "mode": "managed",
      "type": "local_file",
      "name": "testfile9",
      "provider": "provider[\"registry.terraform.io/hashicorp/local\"]",
      "instances": [
        {
          "schema_version": 0,
          "attributes": {
            "content": "this is my resource and correcting some details",
            "content_base64": null,
            "content_base64sha256": "M4ECUU98kqkEzKOwShvOFou93vD+K5LHaXSTm6KSrRM=",
            "content_base64sha512": "sFrGIvRLbxlXgpStB/iO3Rkzh3kkgP7dM9ru3doYscoonfohL1eUvDhPsW7FNv4X1EZH+IO+Lr60CoBnSXaFdw==",
            "content_md5": "4841867970694b7cb52e7489821b2c0b",
            "content_sha1": "7bc813e1a4cd151c6fc2e1d15358c7e2a46e2ca5",
            "content_sha256": "338102514f7c92a904cca3b04a1bce168bbddef0fe2b92c76974939ba292ad13",
            "content_sha512": "b05ac622f44b6f19578294ad07f88edd193387792480fedd33daeeddda18b1ca289dfa212f5794bc384fb16ec536fe17d44647f883be2ebeb40a806749768577",
            "directory_permission": "0777",
            "file_permission": "0777",
            "filename": "abc9.txt",
            "id": "7bc813e1a4cd151c6fc2e1d15358c7e2a46e2ca5",
            "sensitive_content": null,
            "source": null
          },
          "sensitive_attributes": [
            [
              {
                "type": "get_attr",
                "value": "sensitive_content"
              }
            ]
          ],
          "identity_schema_version": 0
        }
      ]
    }
  ],
  "check_results": null
}
