{
  "version": 4,
  "terraform_version": "1.15.5",
  "serial": 53,
  "lineage": "ba0a4d1e-c1eb-74c9-4172-85b18897c00c",
  "outputs": {
    "fid": {
      "value": "a65b6a06b9182525497aba2f0c17dc79100c5380",
      "type": "string"
    }
  },
  "resources": [
    {
      "mode": "managed",
      "type": "local_file",
      "name": "testfile",
      "provider": "provider[\"registry.terraform.io/hashicorp/local\"]",
      "instances": [
        {
          "schema_version": 0,
          "attributes": {
            "content": "greeting from abc",
            "content_base64": null,
            "content_base64sha256": "LOBF90JtPGQ9HskD+1yRdAHJsdLBv++5x43hG84Qno4=",
            "content_base64sha512": "r/k6prlsvtMorkzBww5NldWWLRMHgDXCrXSpOLuLD11Q/uFlrXQ5KCx/hLTCv4Z1LJmtwx16tFqrqtllEgEbWA==",
            "content_md5": "3198e0b8ec532192b3c0f6d16b11ff97",
            "content_sha1": "a65b6a06b9182525497aba2f0c17dc79100c5380",
            "content_sha256": "2ce045f7426d3c643d1ec903fb5c917401c9b1d2c1bfefb9c78de11bce109e8e",
            "content_sha512": "aff93aa6b96cbed328ae4cc1c30e4d95d5962d13078035c2ad74a938bb8b0f5d50fee165ad7439282c7f84b4c2bf86752c99adc31d7ab45aabaad96512011b58",
            "directory_permission": "0777",
            "file_permission": "0777",
            "filename": "india.txt",
            "id": "a65b6a06b9182525497aba2f0c17dc79100c5380",
            "sensitive_content": null,
            "source": null
          },
          "sensitive_attributes": [
            [
              {
                "type": "get_attr",
                "value": "sensitive_content"
              }
            ]
          ],
          "identity_schema_version": 0
        }
      ]
    },
    {
      "mode": "managed",
      "type": "local_file",
      "name": "testfile2",
      "provider": "provider[\"registry.terraform.io/hashicorp/local\"]",
      "instances": [
        {
          "schema_version": 0,
          "attributes": {
            "content": "greeting from abc",
            "content_base64": null,
            "content_base64sha256": "LOBF90JtPGQ9HskD+1yRdAHJsdLBv++5x43hG84Qno4=",
            "content_base64sha512": "r/k6prlsvtMorkzBww5NldWWLRMHgDXCrXSpOLuLD11Q/uFlrXQ5KCx/hLTCv4Z1LJmtwx16tFqrqtllEgEbWA==",
            "content_md5": "3198e0b8ec532192b3c0f6d16b11ff97",
            "content_sha1": "a65b6a06b9182525497aba2f0c17dc79100c5380",
            "content_sha256": "2ce045f7426d3c643d1ec903fb5c917401c9b1d2c1bfefb9c78de11bce109e8e",
            "content_sha512": "aff93aa6b96cbed328ae4cc1c30e4d95d5962d13078035c2ad74a938bb8b0f5d50fee165ad7439282c7f84b4c2bf86752c99adc31d7ab45aabaad96512011b58",
            "directory_permission": "0777",
            "file_permission": "0777",
            "filename": "abc2.txt",
            "id": "a65b6a06b9182525497aba2f0c17dc79100c5380",
            "sensitive_content": null,
            "source": null
          },
          "sensitive_attributes": [
            [
              {
                "type": "get_attr",
                "value": "sensitive_content"
              }
            ]
          ],
          "identity_schema_version": 0
        }
      ]
    },
    {
      "mode": "managed",
      "type": "local_file",
      "name": "testfile3",
      "provider": "provider[\"registry.terraform.io/hashicorp/local\"]",
      "instances": [
        {
          "schema_version": 0,
          "attributes": {
            "content": "inside locals",
            "content_base64": null,
            "content_base64sha256": "HjpM6A7cYJj1gXCeBk/2IMXVrX9MQ7CBqJ8pSoI/fug=",
            "content_base64sha512": "BVV2teqZViRpHn/wgNyYh+BLUiBFo2JRVr8HfUfW19IR5RiCKBgi3MjOF5Ty46I+NWicabXu9o2C5zloPdkd+Q==",
            "content_md5": "fc9153336ba85d63829b6c609976fbd3",
            "content_sha1": "29a7e79c3c7586acb923782ae54848d93d952f10",
            "content_sha256": "1e3a4ce80edc6098f581709e064ff620c5d5ad7f4c43b081a89f294a823f7ee8",
            "content_sha512": "055576b5ea995624691e7ff080dc9887e04b522045a3625156bf077d47d6d7d211e51882281822dcc8ce1794f2e3a23e35689c69b5eef68d82e739683dd91df9",
            "directory_permission": "0777",
            "file_permission": "0777",
            "filename": "test123.txt",
            "id": "29a7e79c3c7586acb923782ae54848d93d952f10",
            "sensitive_content": null,
            "source": null
          },
          "sensitive_attributes": [
            [
              {
                "type": "get_attr",
                "value": "sensitive_content"
              }
            ]
          ],
          "identity_schema_version": 0
        }
      ]
    }
  ],
  "check_results": null
}
