{
  "version": 4,
  "terraform_version": "1.15.5",
  "serial": 14,
  "lineage": "fc69759b-c9f6-29d9-7dbf-277796093fb0",
  "outputs": {
    "password": {
      "value": "8JlKgvNAvyp$xbjP5Q7dsMb9b",
      "type": "string"
    }
  },
  "resources": [
    {
      "mode": "managed",
      "type": "random_string",
      "name": "random",
      "provider": "provider[\"registry.terraform.io/hashicorp/random\"]",
      "instances": [
        {
          "schema_version": 2,
          "attributes": {
            "id": "8JlKgvNAvyp$xbjP5Q7dsMb9b",
            "keepers": null,
            "length": 25,
            "lower": true,
            "min_lower": 3,
            "min_numeric": 2,
            "min_special": 0,
            "min_upper": 2,
            "number": true,
            "numeric": true,
            "override_special": "/@£$",
            "result": "8JlKgvNAvyp$xbjP5Q7dsMb9b",
            "special": true,
            "upper": true
          },
          "sensitive_attributes": [],
          "identity_schema_version": 0
        }
      ]
    }
  ],
  "check_results": null
}
